{
    "_readme": [
        "This file locks the dependencies of your project to a known state",
        "Read more about it at http://getcomposer.org/doc/01-basic-usage.md#composer-lock-the-lock-file",
        "This file is @generated automatically"
    ],
    "hash": "a8798b746b58753fdfd79fd5d531cabc",
    "packages": [
        {
            "name": "retalapp/core",
            "version": "dev-master",
            "source": {
                "type": "git",
                "url": "https://github.com/gsalgadotoledo/retalapp-core.git",
                "reference": "69a57f4e9b45160d501d86b06bf62977cd498b54"
            },
            "dist": {
                "type": "zip",
                "url": "https://api.github.com/repos/gsalgadotoledo/retalapp-core/zipball/69a57f4e9b45160d501d86b06bf62977cd498b54",
                "reference": "69a57f4e9b45160d501d86b06bf62977cd498b54",
                "shasum": ""
            },
            "require": {
                "php": ">=5.4.0"
            },
            "type": "library",
            "notification-url": "https://packagist.org/downloads/",
            "license": [
                "MIT"
            ],
            "authors": [
                {
                    "name": "Gustavo Salgado",
                    "email": "gsalgadotoledo@gmail.com"
                }
            ],
            "description": "Core for Retalapp a workflow for developing fun",
            "time": "2014-10-21 23:40:53"
        }
    ],
    "packages-dev": [],
    "aliases": [],
    "minimum-stability": "stable",
    "stability-flags": {
        "retalapp/core": 20
    },
    "prefer-stable": false,
    "platform": {
        "php": ">=5.4.0"
    },
    "platform-dev": []
}
